{
    "format_version": "1.1",
    "terraform_version": "1.3.6",
    "variables": {
        "region": {
            "value": "us-west-2"
        }
    },
    "planned_values": {
        "root_module": {
            "resources": [{
                "address": "aws_iam_user.my-iam-user",
                "mode": "managed",
                "type": "aws_iam_user",
                "name": "my-iam-user",
                "provider_name": "registry.terraform.io/hashicorp/aws",
                "schema_version": 0,
                "values": {
                    "force_destroy": false,
                    "name": "iamuser",
                    "path": "/",
                    "permissions_boundary": null,
                    "tags": null
                },
                "sensitive_values": {
                    "tags_all": {}
                }
            }, {
                "address": "aws_instance.my-ec2-instance",
                "mode": "managed",
                "type": "aws_instance",
                "name": "my-ec2-instance",
                "provider_name": "registry.terraform.io/hashicorp/aws",
                "schema_version": 1,
                "values": {
                    "ami": "ami-0ceecbb0f30a902a6",
                    "credit_specification": [],
                    "get_password_data": false,
                    "hibernation": null,
                    "instance_type": "t2.micro",
                    "launch_template": [],
                    "source_dest_check": true,
                    "tags": null,
                    "timeouts": null,
                    "user_data_replace_on_change": false,
                    "volume_tags": null
                },
                "sensitive_values": {
                    "capacity_reservation_specification": [],
                    "credit_specification": [],
                    "ebs_block_device": [],
                    "enclave_options": [],
                    "ephemeral_block_device": [],
                    "ipv6_addresses": [],
                    "launch_template": [],
                    "maintenance_options": [],
                    "metadata_options": [],
                    "network_interface": [],
                    "private_dns_name_options": [],
                    "root_block_device": [],
                    "secondary_private_ips": [],
                    "security_groups": [],
                    "tags_all": {},
                    "vpc_security_group_ids": []
                }
            }, {
                "address": "aws_security_group.my-ec2-sg",
                "mode": "managed",
                "type": "aws_security_group",
                "name": "my-ec2-sg",
                "provider_name": "registry.terraform.io/hashicorp/aws",
                "schema_version": 1,
                "values": {
                    "description": "Managed by Terraform",
                    "egress": [{
                        "cidr_blocks": ["0.0.0.0/0"],
                        "description": "",
                        "from_port": 0,
                        "ipv6_cidr_blocks": [],
                        "prefix_list_ids": [],
                        "protocol": "-1",
                        "security_groups": [],
                        "self": false,
                        "to_port": 0
                    }],
                    "ingress": [{
                        "cidr_blocks": ["0.0.0.0/0"],
                        "description": "Allow Inbound from Secret Application",
                        "from_port": 8433,
                        "ipv6_cidr_blocks": [],
                        "prefix_list_ids": [],
                        "protocol": "tcp",
                        "security_groups": [],
                        "self": false,
                        "to_port": 8433
                    }],
                    "name": "ec2-sg",
                    "revoke_rules_on_delete": false,
                    "tags": null,
                    "timeouts": null
                },
                "sensitive_values": {
                    "egress": [{
                        "cidr_blocks": [false],
                        "ipv6_cidr_blocks": [],
                        "prefix_list_ids": [],
                        "security_groups": []
                    }],
                    "ingress": [{
                        "cidr_blocks": [false],
                        "ipv6_cidr_blocks": [],
                        "prefix_list_ids": [],
                        "security_groups": []
                    }],
                    "tags_all": {}
                }
            }]
        }
    },
    "resource_changes": [{
        "address": "aws_iam_user.my-iam-user",
        "mode": "managed",
        "type": "aws_iam_user",
        "name": "my-iam-user",
        "provider_name": "registry.terraform.io/hashicorp/aws",
        "change": {
            "actions": ["create"],
            "before": null,
            "after": {
                "force_destroy": false,
                "name": "iamuser",
                "path": "/",
                "permissions_boundary": null,
                "tags": null
            },
            "after_unknown": {
                "arn": true,
                "id": true,
                "tags_all": true,
                "unique_id": true
            },
            "before_sensitive": false,
            "after_sensitive": {
                "tags_all": {}
            }
        }
    }, {
        "address": "aws_instance.my-ec2-instance",
        "mode": "managed",
        "type": "aws_instance",
        "name": "my-ec2-instance",
        "provider_name": "registry.terraform.io/hashicorp/aws",
        "change": {
            "actions": ["create"],
            "before": null,
            "after": {
                "ami": "ami-0ceecbb0f30a902a6",
                "credit_specification": [],
                "get_password_data": false,
                "hibernation": null,
                "instance_type": "t2.micro",
                "launch_template": [],
                "source_dest_check": true,
                "tags": null,
                "timeouts": null,
                "user_data_replace_on_change": false,
                "volume_tags": null
            },
            "after_unknown": {
                "arn": true,
                "associate_public_ip_address": true,
                "availability_zone": true,
                "capacity_reservation_specification": true,
                "cpu_core_count": true,
                "cpu_threads_per_core": true,
                "credit_specification": [],
                "disable_api_stop": true,
                "disable_api_termination": true,
                "ebs_block_device": true,
                "ebs_optimized": true,
                "enclave_options": true,
                "ephemeral_block_device": true,
                "host_id": true,
                "host_resource_group_arn": true,
                "iam_instance_profile": true,
                "id": true,
                "instance_initiated_shutdown_behavior": true,
                "instance_state": true,
                "ipv6_address_count": true,
                "ipv6_addresses": true,
                "key_name": true,
                "launch_template": [],
                "maintenance_options": true,
                "metadata_options": true,
                "monitoring": true,
                "network_interface": true,
                "outpost_arn": true,
                "password_data": true,
                "placement_group": true,
                "placement_partition_number": true,
                "primary_network_interface_id": true,
                "private_dns": true,
                "private_dns_name_options": true,
                "private_ip": true,
                "public_dns": true,
                "public_ip": true,
                "root_block_device": true,
                "secondary_private_ips": true,
                "security_groups": true,
                "subnet_id": true,
                "tags_all": true,
                "tenancy": true,
                "user_data": true,
                "user_data_base64": true,
                "vpc_security_group_ids": true
            },
            "before_sensitive": false,
            "after_sensitive": {
                "capacity_reservation_specification": [],
                "credit_specification": [],
                "ebs_block_device": [],
                "enclave_options": [],
                "ephemeral_block_device": [],
                "ipv6_addresses": [],
                "launch_template": [],
                "maintenance_options": [],
                "metadata_options": [],
                "network_interface": [],
                "private_dns_name_options": [],
                "root_block_device": [],
                "secondary_private_ips": [],
                "security_groups": [],
                "tags_all": {},
                "vpc_security_group_ids": []
            }
        }
    }, {
        "address": "aws_security_group.my-ec2-sg",
        "mode": "managed",
        "type": "aws_security_group",
        "name": "my-ec2-sg",
        "provider_name": "registry.terraform.io/hashicorp/aws",
        "change": {
            "actions": ["create"],
            "before": null,
            "after": {
                "description": "Managed by Terraform",
                "egress": [{
                    "cidr_blocks": ["0.0.0.0/0"],
                    "description": "",
                    "from_port": 0,
                    "ipv6_cidr_blocks": [],
                    "prefix_list_ids": [],
                    "protocol": "-1",
                    "security_groups": [],
                    "self": false,
                    "to_port": 0
                }],
                "ingress": [{
                    "cidr_blocks": ["0.0.0.0/0"],
                    "description": "Allow Inbound from Secret Application",
                    "from_port": 8433,
                    "ipv6_cidr_blocks": [],
                    "prefix_list_ids": [],
                    "protocol": "tcp",
                    "security_groups": [],
                    "self": false,
                    "to_port": 8433
                }],
                "name": "ec2-sg",
                "revoke_rules_on_delete": false,
                "tags": null,
                "timeouts": null
            },
            "after_unknown": {
                "arn": true,
                "egress": [{
                    "cidr_blocks": [false],
                    "ipv6_cidr_blocks": [],
                    "prefix_list_ids": [],
                    "security_groups": []
                }],
                "id": true,
                "ingress": [{
                    "cidr_blocks": [false],
                    "ipv6_cidr_blocks": [],
                    "prefix_list_ids": [],
                    "security_groups": []
                }],
                "name_prefix": true,
                "owner_id": true,
                "tags_all": true,
                "vpc_id": true
            },
            "before_sensitive": false,
            "after_sensitive": {
                "egress": [{
                    "cidr_blocks": [false],
                    "ipv6_cidr_blocks": [],
                    "prefix_list_ids": [],
                    "security_groups": []
                }],
                "ingress": [{
                    "cidr_blocks": [false],
                    "ipv6_cidr_blocks": [],
                    "prefix_list_ids": [],
                    "security_groups": []
                }],
                "tags_all": {}
            }
        }
    }],
    "configuration": {
        "provider_config": {
            "aws": {
                "name": "aws",
                "full_name": "registry.terraform.io/hashicorp/aws",
                "expressions": {
                    "access_key": {
                        "constant_value": "mock_access_key"
                    },
                    "region": {
                        "references": ["var.region"]
                    },
                    "s3_force_path_style": {
                        "constant_value": true
                    },
                    "secret_key": {
                        "constant_value": "mock_secret_key"
                    },
                    "skip_credentials_validation": {
                        "constant_value": true
                    },
                    "skip_metadata_api_check": {
                        "constant_value": true
                    },
                    "skip_requesting_account_id": {
                        "constant_value": true
                    }
                }
            }
        },
        "root_module": {
            "resources": [{
                "address": "aws_iam_user.my-iam-user",
                "mode": "managed",
                "type": "aws_iam_user",
                "name": "my-iam-user",
                "provider_config_key": "aws",
                "expressions": {
                    "name": {
                        "constant_value": "iamuser"
                    }
                },
                "schema_version": 0
            }, {
                "address": "aws_instance.my-ec2-instance",
                "mode": "managed",
                "type": "aws_instance",
                "name": "my-ec2-instance",
                "provider_config_key": "aws",
                "expressions": {
                    "ami": {
                        "constant_value": "ami-0ceecbb0f30a902a6"
                    },
                    "instance_type": {
                        "constant_value": "t2.micro"
                    }
                },
                "schema_version": 1
            }, {
                "address": "aws_security_group.my-ec2-sg",
                "mode": "managed",
                "type": "aws_security_group",
                "name": "my-ec2-sg",
                "provider_config_key": "aws",
                "expressions": {
                    "egress": {
                        "constant_value": [{
                            "cidr_blocks": ["0.0.0.0/0"],
                            "description": null,
                            "from_port": 0,
                            "ipv6_cidr_blocks": null,
                            "prefix_list_ids": null,
                            "protocol": "-1",
                            "security_groups": null,
                            "self": null,
                            "to_port": 0
                        }]
                    },
                    "ingress": {
                        "constant_value": [{
                            "cidr_blocks": ["0.0.0.0/0"],
                            "description": "Allow Inbound from Secret Application",
                            "from_port": 8433,
                            "ipv6_cidr_blocks": null,
                            "prefix_list_ids": null,
                            "protocol": "tcp",
                            "security_groups": null,
                            "self": null,
                            "to_port": 8433
                        }]
                    },
                    "name": {
                        "constant_value": "ec2-sg"
                    }
                },
                "schema_version": 1
            }],
            "variables": {
                "region": {
                    "default": "us-west-2"
                }
            }
        }
    }
}